
Microsoft Visual Studio Solution File, Format Version 12.00
# Visual Studio Version 17
VisualStudioVersion = 17.13.35913.81
MinimumVisualStudioVersion = 10.0.40219.1
Project("{FAE04EC0-301F-11D3-BF4B-00C04F79EFBC}") = "LO1EyeMaxLib", "LO1EyeMaxLib\LO1EyeMaxLib.csproj", "{81654FE0-F0FF-4C32-82FA-75FA1A95CB8B}"
EndProject
Global
	GlobalSection(SolutionConfigurationPlatforms) = preSolution
		Debug|Any CPU = Debug|Any CPU
		Release|Any CPU = Release|Any CPU
	EndGlobalSection
	GlobalSection(ProjectConfigurationPlatforms) = postSolution
		{81654FE0-F0FF-4C32-82FA-75FA1A95CB8B}.Debug|Any CPU.ActiveCfg = Debug|Any CPU
		{81654FE0-F0FF-4C32-82FA-75FA1A95CB8B}.Debug|Any CPU.Build.0 = Debug|Any CPU
		{81654FE0-F0FF-4C32-82FA-75FA1A95CB8B}.Release|Any CPU.ActiveCfg = Release|Any CPU
		{81654FE0-F0FF-4C32-82FA-75FA1A95CB8B}.Release|Any CPU.Build.0 = Release|Any CPU
	EndGlobalSection
	GlobalSection(SolutionProperties) = preSolution
		HideSolutionNode = FALSE
	EndGlobalSection
	GlobalSection(ExtensibilityGlobals) = postSolution
		SolutionGuid = {0026BDD6-6A6C-4EC8-B6AF-B7CD3B07EBEA}
	EndGlobalSection
EndGlobal
